
Microsoft Visual Studio Solution File, Format Version 12.00
# Visual Studio Version 17
VisualStudioVersion = 17.2.32616.157
MinimumVisualStudioVersion = 10.0.40219.1
Project("{FAE04EC0-301F-11D3-BF4B-00C04F79EFBC}") = "BlazorBUnit.Server", "BlazorBUnit\Server\BlazorBUnit.Server.csproj", "{AE248994-25AC-4114-8139-B5237D1A9DC1}"
EndProject
Project("{FAE04EC0-301F-11D3-BF4B-00C04F79EFBC}") = "BlazorBUnit.Client", "BlazorBUnit\Client\BlazorBUnit.Client.csproj", "{B70F3195-DEFF-4451-AF6D-5A76089345FE}"
EndProject
Project("{FAE04EC0-301F-11D3-BF4B-00C04F79EFBC}") = "BlazorBUnit.Shared", "BlazorBUnit\Shared\BlazorBUnit.Shared.csproj", "{1FD8076A-AAE0-492C-BED2-B474BE5B0446}"
EndProject
Project("{FAE04EC0-301F-11D3-BF4B-00C04F79EFBC}") = "BlazorBUnit.Tests", "BlazorBUnit.Tests\BlazorBUnit.Tests.csproj", "{243D5C53-2459-4071-94C1-AEF774BD78A5}"
EndProject
Global
	GlobalSection(SolutionConfigurationPlatforms) = preSolution
		Debug|Any CPU = Debug|Any CPU
		Release|Any CPU = Release|Any CPU
	EndGlobalSection
	GlobalSection(ProjectConfigurationPlatforms) = postSolution
		{AE248994-25AC-4114-8139-B5237D1A9DC1}.Debug|Any CPU.ActiveCfg = Debug|Any CPU
		{AE248994-25AC-4114-8139-B5237D1A9DC1}.Debug|Any CPU.Build.0 = Debug|Any CPU
		{AE248994-25AC-4114-8139-B5237D1A9DC1}.Release|Any CPU.ActiveCfg = Release|Any CPU
		{AE248994-25AC-4114-8139-B5237D1A9DC1}.Release|Any CPU.Build.0 = Release|Any CPU
		{B70F3195-DEFF-4451-AF6D-5A76089345FE}.Debug|Any CPU.ActiveCfg = Debug|Any CPU
		{B70F3195-DEFF-4451-AF6D-5A76089345FE}.Debug|Any CPU.Build.0 = Debug|Any CPU
		{B70F3195-DEFF-4451-AF6D-5A76089345FE}.Release|Any CPU.ActiveCfg = Release|Any CPU
		{B70F3195-DEFF-4451-AF6D-5A76089345FE}.Release|Any CPU.Build.0 = Release|Any CPU
		{1FD8076A-AAE0-492C-BED2-B474BE5B0446}.Debug|Any CPU.ActiveCfg = Debug|Any CPU
		{1FD8076A-AAE0-492C-BED2-B474BE5B0446}.Debug|Any CPU.Build.0 = Debug|Any CPU
		{1FD8076A-AAE0-492C-BED2-B474BE5B0446}.Release|Any CPU.ActiveCfg = Release|Any CPU
		{1FD8076A-AAE0-492C-BED2-B474BE5B0446}.Release|Any CPU.Build.0 = Release|Any CPU
		{243D5C53-2459-4071-94C1-AEF774BD78A5}.Debug|Any CPU.ActiveCfg = Debug|Any CPU
		{243D5C53-2459-4071-94C1-AEF774BD78A5}.Debug|Any CPU.Build.0 = Debug|Any CPU
		{243D5C53-2459-4071-94C1-AEF774BD78A5}.Release|Any CPU.ActiveCfg = Release|Any CPU
		{243D5C53-2459-4071-94C1-AEF774BD78A5}.Release|Any CPU.Build.0 = Release|Any CPU
	EndGlobalSection
	GlobalSection(SolutionProperties) = preSolution
		HideSolutionNode = FALSE
	EndGlobalSection
	GlobalSection(ExtensibilityGlobals) = postSolution
		SolutionGuid = {E52D437C-41A7-4F13-BEEA-EABBF864C783}
	EndGlobalSection
EndGlobal
